
Microsoft Visual Studio Solution File, Format Version 12.00
# Visual Studio Version 17
VisualStudioVersion = 17.13.35828.75 d17.13
MinimumVisualStudioVersion = 10.0.40219.1
Project("{FAE04EC0-301F-11D3-BF4B-00C04F79EFBC}") = "EcommerceApp", "EcommerceApp\EcommerceApp.csproj", "{A55D5F67-123A-4241-A46C-EDE26D22DD34}"
EndProject
Global
	GlobalSection(SolutionConfigurationPlatforms) = preSolution
		Debug|Any CPU = Debug|Any CPU
		Release|Any CPU = Release|Any CPU
	EndGlobalSection
	GlobalSection(ProjectConfigurationPlatforms) = postSolution
		{A55D5F67-123A-4241-A46C-EDE26D22DD34}.Debug|Any CPU.ActiveCfg = Debug|Any CPU
		{A55D5F67-123A-4241-A46C-EDE26D22DD34}.Debug|Any CPU.Build.0 = Debug|Any CPU
		{A55D5F67-123A-4241-A46C-EDE26D22DD34}.Release|Any CPU.ActiveCfg = Release|Any CPU
		{A55D5F67-123A-4241-A46C-EDE26D22DD34}.Release|Any CPU.Build.0 = Release|Any CPU
	EndGlobalSection
	GlobalSection(SolutionProperties) = preSolution
		HideSolutionNode = FALSE
	EndGlobalSection
	GlobalSection(ExtensibilityGlobals) = postSolution
		SolutionGuid = {D198820D-4F00-4768-AA9B-1A91491D8E13}
	EndGlobalSection
EndGlobal
